
Microsoft Visual Studio Solution File, Format Version 12.00
# Visual Studio Version 17
VisualStudioVersion = 17.0.31903.59
MinimumVisualStudioVersion = 10.0.40219.1
Project("{9A19103F-16F7-4668-BE54-9A1E7A4F7556}") = "BasicGameFrameworkLibrary", "BasicGameFrameworkLibrary.csproj", "{23F6F22E-906A-4483-B839-3A1A6BD0F12E}"
EndProject
Project("{9A19103F-16F7-4668-BE54-9A1E7A4F7556}") = "CommandsGenerator", "..\CommandsGenerator\CommandsGenerator.csproj", "{3FEFA32C-A3A8-4286-AC16-6D2458E1F892}"
EndProject
Project("{9A19103F-16F7-4668-BE54-9A1E7A4F7556}") = "ScoreBoardGenerator", "..\ScoreBoardGenerator\ScoreBoardGenerator.csproj", "{A9484E76-2088-410F-BBF7-1C5999F16A4D}"
EndProject
Project("{9A19103F-16F7-4668-BE54-9A1E7A4F7556}") = "LabelGridGenerator", "..\LabelGridGenerator\LabelGridGenerator.csproj", "{B644FD8D-E56E-4029-8042-4EE9592AEC95}"
EndProject
Project("{9A19103F-16F7-4668-BE54-9A1E7A4F7556}") = "GamePackageSerializeGenerator", "..\GamePackageSerializeGenerator\GamePackageSerializeGenerator.csproj", "{04DA7385-7801-4940-B996-8307FFA6DDD0}"
EndProject
Global
	GlobalSection(SolutionConfigurationPlatforms) = preSolution
		Debug|Any CPU = Debug|Any CPU
		Release|Any CPU = Release|Any CPU
	EndGlobalSection
	GlobalSection(ProjectConfigurationPlatforms) = postSolution
		{23F6F22E-906A-4483-B839-3A1A6BD0F12E}.Debug|Any CPU.ActiveCfg = Debug|Any CPU
		{23F6F22E-906A-4483-B839-3A1A6BD0F12E}.Debug|Any CPU.Build.0 = Debug|Any CPU
		{23F6F22E-906A-4483-B839-3A1A6BD0F12E}.Release|Any CPU.ActiveCfg = Release|Any CPU
		{23F6F22E-906A-4483-B839-3A1A6BD0F12E}.Release|Any CPU.Build.0 = Release|Any CPU
		{3FEFA32C-A3A8-4286-AC16-6D2458E1F892}.Debug|Any CPU.ActiveCfg = Debug|Any CPU
		{3FEFA32C-A3A8-4286-AC16-6D2458E1F892}.Debug|Any CPU.Build.0 = Debug|Any CPU
		{3FEFA32C-A3A8-4286-AC16-6D2458E1F892}.Release|Any CPU.ActiveCfg = Release|Any CPU
		{3FEFA32C-A3A8-4286-AC16-6D2458E1F892}.Release|Any CPU.Build.0 = Release|Any CPU
		{A9484E76-2088-410F-BBF7-1C5999F16A4D}.Debug|Any CPU.ActiveCfg = Debug|Any CPU
		{A9484E76-2088-410F-BBF7-1C5999F16A4D}.Debug|Any CPU.Build.0 = Debug|Any CPU
		{A9484E76-2088-410F-BBF7-1C5999F16A4D}.Release|Any CPU.ActiveCfg = Release|Any CPU
		{A9484E76-2088-410F-BBF7-1C5999F16A4D}.Release|Any CPU.Build.0 = Release|Any CPU
		{B644FD8D-E56E-4029-8042-4EE9592AEC95}.Debug|Any CPU.ActiveCfg = Debug|Any CPU
		{B644FD8D-E56E-4029-8042-4EE9592AEC95}.Debug|Any CPU.Build.0 = Debug|Any CPU
		{B644FD8D-E56E-4029-8042-4EE9592AEC95}.Release|Any CPU.ActiveCfg = Release|Any CPU
		{B644FD8D-E56E-4029-8042-4EE9592AEC95}.Release|Any CPU.Build.0 = Release|Any CPU
		{04DA7385-7801-4940-B996-8307FFA6DDD0}.Debug|Any CPU.ActiveCfg = Debug|Any CPU
		{04DA7385-7801-4940-B996-8307FFA6DDD0}.Debug|Any CPU.Build.0 = Debug|Any CPU
		{04DA7385-7801-4940-B996-8307FFA6DDD0}.Release|Any CPU.ActiveCfg = Release|Any CPU
		{04DA7385-7801-4940-B996-8307FFA6DDD0}.Release|Any CPU.Build.0 = Release|Any CPU
	EndGlobalSection
	GlobalSection(SolutionProperties) = preSolution
		HideSolutionNode = FALSE
	EndGlobalSection
	GlobalSection(ExtensibilityGlobals) = postSolution
		SolutionGuid = {9A556FFF-0723-4D6D-9536-68097C747E2D}
	EndGlobalSection
EndGlobal
