
Microsoft Visual Studio Solution File, Format Version 12.00
# Visual Studio Version 17
VisualStudioVersion = 17.0.31903.59
MinimumVisualStudioVersion = 10.0.40219.1
Project("{9A19103F-16F7-4668-BE54-9A1E7A4F7556}") = "RareSoloGames.WPF", "RareSoloGames.WPF\RareSoloGames.WPF.csproj", "{79B151FC-58CA-477D-8086-C78B8F2F3B19}"
EndProject
Project("{9A19103F-16F7-4668-BE54-9A1E7A4F7556}") = "RareSoloGames.Blazor", "RareSoloGames.Blazor\RareSoloGames.Blazor.csproj", "{D863D7B3-AD93-4381-AD84-65DCBF7AC89F}"
EndProject
Project("{FAE04EC0-301F-11D3-BF4B-00C04F79EFBC}") = "RareSoloGames.WebAssembly", "RareSoloGames.WebAssembly\RareSoloGames.WebAssembly.csproj", "{3CADB8EF-B088-4634-9B78-512D1D3090EA}"
EndProject
Project("{9A19103F-16F7-4668-BE54-9A1E7A4F7556}") = "BasicGameFrameworkLibrary", "..\..\..\GamingPackXV3\CP\Standard\BasicGameFrameworkLibrary\BasicGameFrameworkLibrary.csproj", "{AD45F47E-BCA3-41AF-B916-49C42B2D578D}"
EndProject
Project("{9A19103F-16F7-4668-BE54-9A1E7A4F7556}") = "BasicGamingUIBlazorLibrary", "..\..\..\GamingPackXV3\Blazor\Standard\BasicGamingUIBlazorLibrary\BasicGamingUIBlazorLibrary.csproj", "{791A7B3C-4630-4C3D-A9AC-CDAF00D363C0}"
EndProject
Project("{FAE04EC0-301F-11D3-BF4B-00C04F79EFBC}") = "AccordianSolitaireCP", "..\..\CP\Games\AccordianSolitaireCP\AccordianSolitaireCP.csproj", "{82E2CB2F-8885-44F6-9013-184A5B134AA1}"
EndProject
Project("{FAE04EC0-301F-11D3-BF4B-00C04F79EFBC}") = "AccordianSolitaireBlazor", "..\..\Blazor\Games\AccordianSolitaireBlazor\AccordianSolitaireBlazor.csproj", "{28922B24-F13B-4836-9D7B-EB3F644890F8}"
EndProject
Project("{FAE04EC0-301F-11D3-BF4B-00C04F79EFBC}") = "AgnesSolitaireCP", "..\..\CP\Games\AgnesSolitaireCP\AgnesSolitaireCP.csproj", "{72C5FB5D-4802-4FF1-9789-020A8A8EA4EB}"
EndProject
Project("{FAE04EC0-301F-11D3-BF4B-00C04F79EFBC}") = "AgnesSolitaireBlazor", "..\..\Blazor\Games\AgnesSolitaireBlazor\AgnesSolitaireBlazor.csproj", "{13E4679F-284F-4B04-87CA-1F91D3F011D4}"
EndProject
Project("{FAE04EC0-301F-11D3-BF4B-00C04F79EFBC}") = "AlternationSolitaireCP", "..\..\CP\Games\AlternationSolitaireCP\AlternationSolitaireCP.csproj", "{A7DCB7A0-E93A-47BD-83FB-BBDF9C555302}"
EndProject
Project("{FAE04EC0-301F-11D3-BF4B-00C04F79EFBC}") = "AlternationSolitaireBlazor", "..\..\Blazor\Games\AlternationSolitaireBlazor\AlternationSolitaireBlazor.csproj", "{322F4884-2E8D-4206-8AD1-75B4FA8F1304}"
EndProject
Project("{FAE04EC0-301F-11D3-BF4B-00C04F79EFBC}") = "BlockElevenSolitaireCP", "..\..\CP\Games\BlockElevenSolitaireCP\BlockElevenSolitaireCP.csproj", "{A7CD3CF1-3B69-4CA9-9CC9-31112BA7DD42}"
EndProject
Project("{FAE04EC0-301F-11D3-BF4B-00C04F79EFBC}") = "BlockElevenSolitaireBlazor", "..\..\Blazor\Games\BlockElevenSolitaireBlazor\BlockElevenSolitaireBlazor.csproj", "{D780864F-589F-4A33-907A-85820EC180E0}"
EndProject
Project("{FAE04EC0-301F-11D3-BF4B-00C04F79EFBC}") = "CalculationSolitaireCP", "..\..\CP\Games\CalculationSolitaireCP\CalculationSolitaireCP.csproj", "{D37489BD-A90F-4D66-A21D-E0726E85E65B}"
EndProject
Project("{FAE04EC0-301F-11D3-BF4B-00C04F79EFBC}") = "CalculationSolitaireBlazor", "..\..\Blazor\Games\CalculationSolitaireBlazor\CalculationSolitaireBlazor.csproj", "{A9663915-5D8E-49F6-B3B1-0A419DC93654}"
EndProject
Project("{FAE04EC0-301F-11D3-BF4B-00C04F79EFBC}") = "CaptiveQueensSolitaireCP", "..\..\CP\Games\CaptiveQueensSolitaireCP\CaptiveQueensSolitaireCP.csproj", "{8DEAD190-2B39-45E9-A89A-004E70213E0B}"
EndProject
Project("{FAE04EC0-301F-11D3-BF4B-00C04F79EFBC}") = "CaptiveQueensSolitaireBlazor", "..\..\Blazor\Games\CaptiveQueensSolitaireBlazor\CaptiveQueensSolitaireBlazor.csproj", "{8AF5CC09-4F86-4C11-AD9E-5DD71173FED3}"
EndProject
Project("{FAE04EC0-301F-11D3-BF4B-00C04F79EFBC}") = "DemonSolitaireCP", "..\..\CP\Games\DemonSolitaireCP\DemonSolitaireCP.csproj", "{4942A0A6-9A51-4A40-82B7-0D3FCA8A4080}"
EndProject
Project("{FAE04EC0-301F-11D3-BF4B-00C04F79EFBC}") = "DemonSolitaireBlazor", "..\..\Blazor\Games\DemonSolitaireBlazor\DemonSolitaireBlazor.csproj", "{99AEB6C1-B809-423E-BADB-7B0159AAEC0E}"
EndProject
Project("{FAE04EC0-301F-11D3-BF4B-00C04F79EFBC}") = "LittleSpiderSolitaireCP", "..\..\CP\Games\LittleSpiderSolitaireCP\LittleSpiderSolitaireCP.csproj", "{591D8354-4D0A-49AF-B952-06C7AA5C1250}"
EndProject
Project("{FAE04EC0-301F-11D3-BF4B-00C04F79EFBC}") = "LittleSpiderSolitaireBlazor", "..\..\Blazor\Games\LittleSpiderSolitaireBlazor\LittleSpiderSolitaireBlazor.csproj", "{A3B45063-E373-4905-A50B-DF125C14557E}"
EndProject
Project("{FAE04EC0-301F-11D3-BF4B-00C04F79EFBC}") = "RaglanSolitaireCP", "..\..\CP\Games\RaglanSolitaireCP\RaglanSolitaireCP.csproj", "{218FDD92-865B-49C9-8F94-F24B64DAE09D}"
EndProject
Project("{FAE04EC0-301F-11D3-BF4B-00C04F79EFBC}") = "RaglanSolitaireBlazor", "..\..\Blazor\Games\RaglanSolitaireBlazor\RaglanSolitaireBlazor.csproj", "{925CA09E-DA87-4B99-8F23-676A2A0B83D8}"
EndProject
Project("{FAE04EC0-301F-11D3-BF4B-00C04F79EFBC}") = "GameLoaderBlazorLibrary", "..\..\Blazor\Standard\GameLoaderBlazorLibrary\GameLoaderBlazorLibrary.csproj", "{6C04A409-0C81-4B6E-BBBE-4F6F1B3D3D9E}"
EndProject
Global
	GlobalSection(SolutionConfigurationPlatforms) = preSolution
		Debug|Any CPU = Debug|Any CPU
		Release|Any CPU = Release|Any CPU
	EndGlobalSection
	GlobalSection(ProjectConfigurationPlatforms) = postSolution
		{79B151FC-58CA-477D-8086-C78B8F2F3B19}.Debug|Any CPU.ActiveCfg = Debug|Any CPU
		{79B151FC-58CA-477D-8086-C78B8F2F3B19}.Debug|Any CPU.Build.0 = Debug|Any CPU
		{79B151FC-58CA-477D-8086-C78B8F2F3B19}.Release|Any CPU.ActiveCfg = Release|Any CPU
		{79B151FC-58CA-477D-8086-C78B8F2F3B19}.Release|Any CPU.Build.0 = Release|Any CPU
		{D863D7B3-AD93-4381-AD84-65DCBF7AC89F}.Debug|Any CPU.ActiveCfg = Debug|Any CPU
		{D863D7B3-AD93-4381-AD84-65DCBF7AC89F}.Debug|Any CPU.Build.0 = Debug|Any CPU
		{D863D7B3-AD93-4381-AD84-65DCBF7AC89F}.Release|Any CPU.ActiveCfg = Release|Any CPU
		{D863D7B3-AD93-4381-AD84-65DCBF7AC89F}.Release|Any CPU.Build.0 = Release|Any CPU
		{3CADB8EF-B088-4634-9B78-512D1D3090EA}.Debug|Any CPU.ActiveCfg = Debug|Any CPU
		{3CADB8EF-B088-4634-9B78-512D1D3090EA}.Debug|Any CPU.Build.0 = Debug|Any CPU
		{3CADB8EF-B088-4634-9B78-512D1D3090EA}.Release|Any CPU.ActiveCfg = Release|Any CPU
		{3CADB8EF-B088-4634-9B78-512D1D3090EA}.Release|Any CPU.Build.0 = Release|Any CPU
		{AD45F47E-BCA3-41AF-B916-49C42B2D578D}.Debug|Any CPU.ActiveCfg = Debug|Any CPU
		{AD45F47E-BCA3-41AF-B916-49C42B2D578D}.Debug|Any CPU.Build.0 = Debug|Any CPU
		{AD45F47E-BCA3-41AF-B916-49C42B2D578D}.Release|Any CPU.ActiveCfg = Release|Any CPU
		{AD45F47E-BCA3-41AF-B916-49C42B2D578D}.Release|Any CPU.Build.0 = Release|Any CPU
		{791A7B3C-4630-4C3D-A9AC-CDAF00D363C0}.Debug|Any CPU.ActiveCfg = Debug|Any CPU
		{791A7B3C-4630-4C3D-A9AC-CDAF00D363C0}.Debug|Any CPU.Build.0 = Debug|Any CPU
		{791A7B3C-4630-4C3D-A9AC-CDAF00D363C0}.Release|Any CPU.ActiveCfg = Release|Any CPU
		{791A7B3C-4630-4C3D-A9AC-CDAF00D363C0}.Release|Any CPU.Build.0 = Release|Any CPU
		{E9428A71-19F9-486D-8284-D204427BDA4B}.Debug|Any CPU.ActiveCfg = Debug|Any CPU
		{E9428A71-19F9-486D-8284-D204427BDA4B}.Debug|Any CPU.Build.0 = Debug|Any CPU
		{E9428A71-19F9-486D-8284-D204427BDA4B}.Release|Any CPU.ActiveCfg = Release|Any CPU
		{E9428A71-19F9-486D-8284-D204427BDA4B}.Release|Any CPU.Build.0 = Release|Any CPU
		{82E2CB2F-8885-44F6-9013-184A5B134AA1}.Debug|Any CPU.ActiveCfg = Debug|Any CPU
		{82E2CB2F-8885-44F6-9013-184A5B134AA1}.Debug|Any CPU.Build.0 = Debug|Any CPU
		{82E2CB2F-8885-44F6-9013-184A5B134AA1}.Release|Any CPU.ActiveCfg = Release|Any CPU
		{82E2CB2F-8885-44F6-9013-184A5B134AA1}.Release|Any CPU.Build.0 = Release|Any CPU
		{28922B24-F13B-4836-9D7B-EB3F644890F8}.Debug|Any CPU.ActiveCfg = Debug|Any CPU
		{28922B24-F13B-4836-9D7B-EB3F644890F8}.Debug|Any CPU.Build.0 = Debug|Any CPU
		{28922B24-F13B-4836-9D7B-EB3F644890F8}.Release|Any CPU.ActiveCfg = Release|Any CPU
		{28922B24-F13B-4836-9D7B-EB3F644890F8}.Release|Any CPU.Build.0 = Release|Any CPU
		{72C5FB5D-4802-4FF1-9789-020A8A8EA4EB}.Debug|Any CPU.ActiveCfg = Debug|Any CPU
		{72C5FB5D-4802-4FF1-9789-020A8A8EA4EB}.Debug|Any CPU.Build.0 = Debug|Any CPU
		{72C5FB5D-4802-4FF1-9789-020A8A8EA4EB}.Release|Any CPU.ActiveCfg = Release|Any CPU
		{72C5FB5D-4802-4FF1-9789-020A8A8EA4EB}.Release|Any CPU.Build.0 = Release|Any CPU
		{13E4679F-284F-4B04-87CA-1F91D3F011D4}.Debug|Any CPU.ActiveCfg = Debug|Any CPU
		{13E4679F-284F-4B04-87CA-1F91D3F011D4}.Debug|Any CPU.Build.0 = Debug|Any CPU
		{13E4679F-284F-4B04-87CA-1F91D3F011D4}.Release|Any CPU.ActiveCfg = Release|Any CPU
		{13E4679F-284F-4B04-87CA-1F91D3F011D4}.Release|Any CPU.Build.0 = Release|Any CPU
		{A7DCB7A0-E93A-47BD-83FB-BBDF9C555302}.Debug|Any CPU.ActiveCfg = Debug|Any CPU
		{A7DCB7A0-E93A-47BD-83FB-BBDF9C555302}.Debug|Any CPU.Build.0 = Debug|Any CPU
		{A7DCB7A0-E93A-47BD-83FB-BBDF9C555302}.Release|Any CPU.ActiveCfg = Release|Any CPU
		{A7DCB7A0-E93A-47BD-83FB-BBDF9C555302}.Release|Any CPU.Build.0 = Release|Any CPU
		{322F4884-2E8D-4206-8AD1-75B4FA8F1304}.Debug|Any CPU.ActiveCfg = Debug|Any CPU
		{322F4884-2E8D-4206-8AD1-75B4FA8F1304}.Debug|Any CPU.Build.0 = Debug|Any CPU
		{322F4884-2E8D-4206-8AD1-75B4FA8F1304}.Release|Any CPU.ActiveCfg = Release|Any CPU
		{322F4884-2E8D-4206-8AD1-75B4FA8F1304}.Release|Any CPU.Build.0 = Release|Any CPU
		{A7CD3CF1-3B69-4CA9-9CC9-31112BA7DD42}.Debug|Any CPU.ActiveCfg = Debug|Any CPU
		{A7CD3CF1-3B69-4CA9-9CC9-31112BA7DD42}.Debug|Any CPU.Build.0 = Debug|Any CPU
		{A7CD3CF1-3B69-4CA9-9CC9-31112BA7DD42}.Release|Any CPU.ActiveCfg = Release|Any CPU
		{A7CD3CF1-3B69-4CA9-9CC9-31112BA7DD42}.Release|Any CPU.Build.0 = Release|Any CPU
		{D780864F-589F-4A33-907A-85820EC180E0}.Debug|Any CPU.ActiveCfg = Debug|Any CPU
		{D780864F-589F-4A33-907A-85820EC180E0}.Debug|Any CPU.Build.0 = Debug|Any CPU
		{D780864F-589F-4A33-907A-85820EC180E0}.Release|Any CPU.ActiveCfg = Release|Any CPU
		{D780864F-589F-4A33-907A-85820EC180E0}.Release|Any CPU.Build.0 = Release|Any CPU
		{D37489BD-A90F-4D66-A21D-E0726E85E65B}.Debug|Any CPU.ActiveCfg = Debug|Any CPU
		{D37489BD-A90F-4D66-A21D-E0726E85E65B}.Debug|Any CPU.Build.0 = Debug|Any CPU
		{D37489BD-A90F-4D66-A21D-E0726E85E65B}.Release|Any CPU.ActiveCfg = Release|Any CPU
		{D37489BD-A90F-4D66-A21D-E0726E85E65B}.Release|Any CPU.Build.0 = Release|Any CPU
		{A9663915-5D8E-49F6-B3B1-0A419DC93654}.Debug|Any CPU.ActiveCfg = Debug|Any CPU
		{A9663915-5D8E-49F6-B3B1-0A419DC93654}.Debug|Any CPU.Build.0 = Debug|Any CPU
		{A9663915-5D8E-49F6-B3B1-0A419DC93654}.Release|Any CPU.ActiveCfg = Release|Any CPU
		{A9663915-5D8E-49F6-B3B1-0A419DC93654}.Release|Any CPU.Build.0 = Release|Any CPU
		{8DEAD190-2B39-45E9-A89A-004E70213E0B}.Debug|Any CPU.ActiveCfg = Debug|Any CPU
		{8DEAD190-2B39-45E9-A89A-004E70213E0B}.Debug|Any CPU.Build.0 = Debug|Any CPU
		{8DEAD190-2B39-45E9-A89A-004E70213E0B}.Release|Any CPU.ActiveCfg = Release|Any CPU
		{8DEAD190-2B39-45E9-A89A-004E70213E0B}.Release|Any CPU.Build.0 = Release|Any CPU
		{8AF5CC09-4F86-4C11-AD9E-5DD71173FED3}.Debug|Any CPU.ActiveCfg = Debug|Any CPU
		{8AF5CC09-4F86-4C11-AD9E-5DD71173FED3}.Debug|Any CPU.Build.0 = Debug|Any CPU
		{8AF5CC09-4F86-4C11-AD9E-5DD71173FED3}.Release|Any CPU.ActiveCfg = Release|Any CPU
		{8AF5CC09-4F86-4C11-AD9E-5DD71173FED3}.Release|Any CPU.Build.0 = Release|Any CPU
		{4942A0A6-9A51-4A40-82B7-0D3FCA8A4080}.Debug|Any CPU.ActiveCfg = Debug|Any CPU
		{4942A0A6-9A51-4A40-82B7-0D3FCA8A4080}.Debug|Any CPU.Build.0 = Debug|Any CPU
		{4942A0A6-9A51-4A40-82B7-0D3FCA8A4080}.Release|Any CPU.ActiveCfg = Release|Any CPU
		{4942A0A6-9A51-4A40-82B7-0D3FCA8A4080}.Release|Any CPU.Build.0 = Release|Any CPU
		{99AEB6C1-B809-423E-BADB-7B0159AAEC0E}.Debug|Any CPU.ActiveCfg = Debug|Any CPU
		{99AEB6C1-B809-423E-BADB-7B0159AAEC0E}.Debug|Any CPU.Build.0 = Debug|Any CPU
		{99AEB6C1-B809-423E-BADB-7B0159AAEC0E}.Release|Any CPU.ActiveCfg = Release|Any CPU
		{99AEB6C1-B809-423E-BADB-7B0159AAEC0E}.Release|Any CPU.Build.0 = Release|Any CPU
		{591D8354-4D0A-49AF-B952-06C7AA5C1250}.Debug|Any CPU.ActiveCfg = Debug|Any CPU
		{591D8354-4D0A-49AF-B952-06C7AA5C1250}.Debug|Any CPU.Build.0 = Debug|Any CPU
		{591D8354-4D0A-49AF-B952-06C7AA5C1250}.Release|Any CPU.ActiveCfg = Release|Any CPU
		{591D8354-4D0A-49AF-B952-06C7AA5C1250}.Release|Any CPU.Build.0 = Release|Any CPU
		{A3B45063-E373-4905-A50B-DF125C14557E}.Debug|Any CPU.ActiveCfg = Debug|Any CPU
		{A3B45063-E373-4905-A50B-DF125C14557E}.Debug|Any CPU.Build.0 = Debug|Any CPU
		{A3B45063-E373-4905-A50B-DF125C14557E}.Release|Any CPU.ActiveCfg = Release|Any CPU
		{A3B45063-E373-4905-A50B-DF125C14557E}.Release|Any CPU.Build.0 = Release|Any CPU
		{218FDD92-865B-49C9-8F94-F24B64DAE09D}.Debug|Any CPU.ActiveCfg = Debug|Any CPU
		{218FDD92-865B-49C9-8F94-F24B64DAE09D}.Debug|Any CPU.Build.0 = Debug|Any CPU
		{218FDD92-865B-49C9-8F94-F24B64DAE09D}.Release|Any CPU.ActiveCfg = Release|Any CPU
		{218FDD92-865B-49C9-8F94-F24B64DAE09D}.Release|Any CPU.Build.0 = Release|Any CPU
		{925CA09E-DA87-4B99-8F23-676A2A0B83D8}.Debug|Any CPU.ActiveCfg = Debug|Any CPU
		{925CA09E-DA87-4B99-8F23-676A2A0B83D8}.Debug|Any CPU.Build.0 = Debug|Any CPU
		{925CA09E-DA87-4B99-8F23-676A2A0B83D8}.Release|Any CPU.ActiveCfg = Release|Any CPU
		{925CA09E-DA87-4B99-8F23-676A2A0B83D8}.Release|Any CPU.Build.0 = Release|Any CPU
		{6C04A409-0C81-4B6E-BBBE-4F6F1B3D3D9E}.Debug|Any CPU.ActiveCfg = Debug|Any CPU
		{6C04A409-0C81-4B6E-BBBE-4F6F1B3D3D9E}.Debug|Any CPU.Build.0 = Debug|Any CPU
		{6C04A409-0C81-4B6E-BBBE-4F6F1B3D3D9E}.Release|Any CPU.ActiveCfg = Release|Any CPU
		{6C04A409-0C81-4B6E-BBBE-4F6F1B3D3D9E}.Release|Any CPU.Build.0 = Release|Any CPU
	EndGlobalSection
	GlobalSection(SolutionProperties) = preSolution
		HideSolutionNode = FALSE
	EndGlobalSection
	GlobalSection(ExtensibilityGlobals) = postSolution
		SolutionGuid = {417CFF5B-57E8-47CC-8FB8-E08863CA446E}
	EndGlobalSection
EndGlobal
