
Microsoft Visual Studio Solution File, Format Version 12.00
# Visual Studio Version 17
VisualStudioVersion = 17.0.31903.59
MinimumVisualStudioVersion = 10.0.40219.1
Project("{9A19103F-16F7-4668-BE54-9A1E7A4F7556}") = "CommonSolitaireGames.WPF", "CommonSolitaireGames.WPF\CommonSolitaireGames.WPF.csproj", "{79B151FC-58CA-477D-8086-C78B8F2F3B19}"
EndProject
Project("{9A19103F-16F7-4668-BE54-9A1E7A4F7556}") = "CommonSolitaireGames.Blazor", "CommonSolitaireGames.Blazor\CommonSolitaireGames.Blazor.csproj", "{D863D7B3-AD93-4381-AD84-65DCBF7AC89F}"
EndProject
Project("{FAE04EC0-301F-11D3-BF4B-00C04F79EFBC}") = "CommonSolitaireGames.WebAssembly", "CommonSolitaireGames.WebAssembly\CommonSolitaireGames.WebAssembly.csproj", "{3CADB8EF-B088-4634-9B78-512D1D3090EA}"
EndProject
Project("{9A19103F-16F7-4668-BE54-9A1E7A4F7556}") = "BasicGameFrameworkLibrary", "..\..\..\GamingPackXV3\CP\Standard\BasicGameFrameworkLibrary\BasicGameFrameworkLibrary.csproj", "{AD45F47E-BCA3-41AF-B916-49C42B2D578D}"
EndProject
Project("{9A19103F-16F7-4668-BE54-9A1E7A4F7556}") = "BasicGamingUIBlazorLibrary", "..\..\..\GamingPackXV3\Blazor\Standard\BasicGamingUIBlazorLibrary\BasicGamingUIBlazorLibrary.csproj", "{791A7B3C-4630-4C3D-A9AC-CDAF00D363C0}"
EndProject
Project("{9A19103F-16F7-4668-BE54-9A1E7A4F7556}") = "GameLoaderBlazorLibrary", "..\..\..\GamingPackXV3\Blazor\Standard\GameLoaderBlazorLibrary\GameLoaderBlazorLibrary.csproj", "{E9428A71-19F9-486D-8284-D204427BDA4B}"
EndProject
Project("{FAE04EC0-301F-11D3-BF4B-00C04F79EFBC}") = "MahJongSolitaireCP", "..\..\CP\Games\MahJongSolitaireCP\MahJongSolitaireCP.csproj", "{D1D19460-3028-4510-9349-9203CE0399CA}"
EndProject
Project("{FAE04EC0-301F-11D3-BF4B-00C04F79EFBC}") = "MahJongSolitaireBlazor", "..\..\Blazor\Games\MahJongSolitaireBlazor\MahJongSolitaireBlazor.csproj", "{D6AB69ED-2FA2-4A1E-AF2C-5BE47103EECA}"
EndProject
Project("{FAE04EC0-301F-11D3-BF4B-00C04F79EFBC}") = "ClockSolitaireCP", "..\..\CP\Games\ClockSolitaireCP\ClockSolitaireCP.csproj", "{11FB6692-00D9-4647-9ACC-A9535990F1C4}"
EndProject
Project("{FAE04EC0-301F-11D3-BF4B-00C04F79EFBC}") = "ClockSolitaireBlazor", "..\..\Blazor\Games\ClockSolitaireBlazor\ClockSolitaireBlazor.csproj", "{AE7775D7-1578-4788-AA47-D0A13BF473C8}"
EndProject
Project("{FAE04EC0-301F-11D3-BF4B-00C04F79EFBC}") = "CribbagePatienceCP", "..\..\CP\Games\CribbagePatienceCP\CribbagePatienceCP.csproj", "{0E995A2C-3E16-42AE-AEF2-58B789FE284B}"
EndProject
Project("{FAE04EC0-301F-11D3-BF4B-00C04F79EFBC}") = "CribbagePatienceBlazor", "..\..\Blazor\Games\CribbagePatienceBlazor\CribbagePatienceBlazor.csproj", "{97A536DC-70E8-4089-92E1-F7D181E9E5FA}"
EndProject
Project("{FAE04EC0-301F-11D3-BF4B-00C04F79EFBC}") = "EagleWingsSolitaireCP", "..\..\CP\Games\EagleWingsSolitaireCP\EagleWingsSolitaireCP.csproj", "{256F115E-E7A9-4032-B33C-A3016C093FEC}"
EndProject
Project("{FAE04EC0-301F-11D3-BF4B-00C04F79EFBC}") = "EagleWingsSolitaireBlazor", "..\..\Blazor\Games\EagleWingsSolitaireBlazor\EagleWingsSolitaireBlazor.csproj", "{86E4B7F8-E93C-4CC3-993A-7BCE041DB90C}"
EndProject
Project("{FAE04EC0-301F-11D3-BF4B-00C04F79EFBC}") = "BeleaguredCastleCP", "..\..\CP\Games\BeleaguredCastleCP\BeleaguredCastleCP.csproj", "{6BC1952A-908E-4611-BAF8-BFEBCA15163F}"
EndProject
Project("{FAE04EC0-301F-11D3-BF4B-00C04F79EFBC}") = "BeleaguredCastleBlazor", "..\..\Blazor\Games\BeleaguredCastleBlazor\BeleaguredCastleBlazor.csproj", "{0E61F6F4-874E-491F-AB7A-6D5D1BF3CD5B}"
EndProject
Project("{FAE04EC0-301F-11D3-BF4B-00C04F79EFBC}") = "HeapSolitaireCP", "..\..\CP\Games\HeapSolitaireCP\HeapSolitaireCP.csproj", "{BFBAF878-BBB2-45E2-92C4-B819F0590458}"
EndProject
Project("{FAE04EC0-301F-11D3-BF4B-00C04F79EFBC}") = "HeapSolitaireBlazor", "..\..\Blazor\Games\HeapSolitaireBlazor\HeapSolitaireBlazor.csproj", "{E98F983A-D20A-4610-B437-C9FAC5681525}"
EndProject
Project("{FAE04EC0-301F-11D3-BF4B-00C04F79EFBC}") = "TriangleSolitaireCP", "..\..\CP\Games\TriangleSolitaireCP\TriangleSolitaireCP.csproj", "{E585EF28-FDB8-4BAD-99F8-BBFE6A529EBD}"
EndProject
Project("{FAE04EC0-301F-11D3-BF4B-00C04F79EFBC}") = "TriangleSolitaireBlazor", "..\..\Blazor\Games\TriangleSolitaireBlazor\TriangleSolitaireBlazor.csproj", "{36D83108-B19F-48B6-85F7-4B102FEC3162}"
EndProject
Project("{FAE04EC0-301F-11D3-BF4B-00C04F79EFBC}") = "VegasSolitaireCP", "..\..\CP\Games\VegasSolitaireCP\VegasSolitaireCP.csproj", "{34A610A2-7787-4022-904D-409496C192E6}"
EndProject
Project("{FAE04EC0-301F-11D3-BF4B-00C04F79EFBC}") = "VegasSolitaireBlazor", "..\..\Blazor\Games\VegasSolitaireBlazor\VegasSolitaireBlazor.csproj", "{B97E2797-F60C-4DB8-A492-75BB4919A062}"
EndProject
Global
	GlobalSection(SolutionConfigurationPlatforms) = preSolution
		Debug|Any CPU = Debug|Any CPU
		Release|Any CPU = Release|Any CPU
	EndGlobalSection
	GlobalSection(ProjectConfigurationPlatforms) = postSolution
		{79B151FC-58CA-477D-8086-C78B8F2F3B19}.Debug|Any CPU.ActiveCfg = Debug|Any CPU
		{79B151FC-58CA-477D-8086-C78B8F2F3B19}.Debug|Any CPU.Build.0 = Debug|Any CPU
		{79B151FC-58CA-477D-8086-C78B8F2F3B19}.Release|Any CPU.ActiveCfg = Release|Any CPU
		{79B151FC-58CA-477D-8086-C78B8F2F3B19}.Release|Any CPU.Build.0 = Release|Any CPU
		{D863D7B3-AD93-4381-AD84-65DCBF7AC89F}.Debug|Any CPU.ActiveCfg = Debug|Any CPU
		{D863D7B3-AD93-4381-AD84-65DCBF7AC89F}.Debug|Any CPU.Build.0 = Debug|Any CPU
		{D863D7B3-AD93-4381-AD84-65DCBF7AC89F}.Release|Any CPU.ActiveCfg = Release|Any CPU
		{D863D7B3-AD93-4381-AD84-65DCBF7AC89F}.Release|Any CPU.Build.0 = Release|Any CPU
		{3CADB8EF-B088-4634-9B78-512D1D3090EA}.Debug|Any CPU.ActiveCfg = Debug|Any CPU
		{3CADB8EF-B088-4634-9B78-512D1D3090EA}.Debug|Any CPU.Build.0 = Debug|Any CPU
		{3CADB8EF-B088-4634-9B78-512D1D3090EA}.Release|Any CPU.ActiveCfg = Release|Any CPU
		{3CADB8EF-B088-4634-9B78-512D1D3090EA}.Release|Any CPU.Build.0 = Release|Any CPU
		{AD45F47E-BCA3-41AF-B916-49C42B2D578D}.Debug|Any CPU.ActiveCfg = Debug|Any CPU
		{AD45F47E-BCA3-41AF-B916-49C42B2D578D}.Debug|Any CPU.Build.0 = Debug|Any CPU
		{AD45F47E-BCA3-41AF-B916-49C42B2D578D}.Release|Any CPU.ActiveCfg = Release|Any CPU
		{AD45F47E-BCA3-41AF-B916-49C42B2D578D}.Release|Any CPU.Build.0 = Release|Any CPU
		{791A7B3C-4630-4C3D-A9AC-CDAF00D363C0}.Debug|Any CPU.ActiveCfg = Debug|Any CPU
		{791A7B3C-4630-4C3D-A9AC-CDAF00D363C0}.Debug|Any CPU.Build.0 = Debug|Any CPU
		{791A7B3C-4630-4C3D-A9AC-CDAF00D363C0}.Release|Any CPU.ActiveCfg = Release|Any CPU
		{791A7B3C-4630-4C3D-A9AC-CDAF00D363C0}.Release|Any CPU.Build.0 = Release|Any CPU
		{E9428A71-19F9-486D-8284-D204427BDA4B}.Debug|Any CPU.ActiveCfg = Debug|Any CPU
		{E9428A71-19F9-486D-8284-D204427BDA4B}.Debug|Any CPU.Build.0 = Debug|Any CPU
		{E9428A71-19F9-486D-8284-D204427BDA4B}.Release|Any CPU.ActiveCfg = Release|Any CPU
		{E9428A71-19F9-486D-8284-D204427BDA4B}.Release|Any CPU.Build.0 = Release|Any CPU
		{D1D19460-3028-4510-9349-9203CE0399CA}.Debug|Any CPU.ActiveCfg = Debug|Any CPU
		{D1D19460-3028-4510-9349-9203CE0399CA}.Debug|Any CPU.Build.0 = Debug|Any CPU
		{D1D19460-3028-4510-9349-9203CE0399CA}.Release|Any CPU.ActiveCfg = Release|Any CPU
		{D1D19460-3028-4510-9349-9203CE0399CA}.Release|Any CPU.Build.0 = Release|Any CPU
		{D6AB69ED-2FA2-4A1E-AF2C-5BE47103EECA}.Debug|Any CPU.ActiveCfg = Debug|Any CPU
		{D6AB69ED-2FA2-4A1E-AF2C-5BE47103EECA}.Debug|Any CPU.Build.0 = Debug|Any CPU
		{D6AB69ED-2FA2-4A1E-AF2C-5BE47103EECA}.Release|Any CPU.ActiveCfg = Release|Any CPU
		{D6AB69ED-2FA2-4A1E-AF2C-5BE47103EECA}.Release|Any CPU.Build.0 = Release|Any CPU
		{11FB6692-00D9-4647-9ACC-A9535990F1C4}.Debug|Any CPU.ActiveCfg = Debug|Any CPU
		{11FB6692-00D9-4647-9ACC-A9535990F1C4}.Debug|Any CPU.Build.0 = Debug|Any CPU
		{11FB6692-00D9-4647-9ACC-A9535990F1C4}.Release|Any CPU.ActiveCfg = Release|Any CPU
		{11FB6692-00D9-4647-9ACC-A9535990F1C4}.Release|Any CPU.Build.0 = Release|Any CPU
		{AE7775D7-1578-4788-AA47-D0A13BF473C8}.Debug|Any CPU.ActiveCfg = Debug|Any CPU
		{AE7775D7-1578-4788-AA47-D0A13BF473C8}.Debug|Any CPU.Build.0 = Debug|Any CPU
		{AE7775D7-1578-4788-AA47-D0A13BF473C8}.Release|Any CPU.ActiveCfg = Release|Any CPU
		{AE7775D7-1578-4788-AA47-D0A13BF473C8}.Release|Any CPU.Build.0 = Release|Any CPU
		{0E995A2C-3E16-42AE-AEF2-58B789FE284B}.Debug|Any CPU.ActiveCfg = Debug|Any CPU
		{0E995A2C-3E16-42AE-AEF2-58B789FE284B}.Debug|Any CPU.Build.0 = Debug|Any CPU
		{0E995A2C-3E16-42AE-AEF2-58B789FE284B}.Release|Any CPU.ActiveCfg = Release|Any CPU
		{0E995A2C-3E16-42AE-AEF2-58B789FE284B}.Release|Any CPU.Build.0 = Release|Any CPU
		{97A536DC-70E8-4089-92E1-F7D181E9E5FA}.Debug|Any CPU.ActiveCfg = Debug|Any CPU
		{97A536DC-70E8-4089-92E1-F7D181E9E5FA}.Debug|Any CPU.Build.0 = Debug|Any CPU
		{97A536DC-70E8-4089-92E1-F7D181E9E5FA}.Release|Any CPU.ActiveCfg = Release|Any CPU
		{97A536DC-70E8-4089-92E1-F7D181E9E5FA}.Release|Any CPU.Build.0 = Release|Any CPU
		{256F115E-E7A9-4032-B33C-A3016C093FEC}.Debug|Any CPU.ActiveCfg = Debug|Any CPU
		{256F115E-E7A9-4032-B33C-A3016C093FEC}.Debug|Any CPU.Build.0 = Debug|Any CPU
		{256F115E-E7A9-4032-B33C-A3016C093FEC}.Release|Any CPU.ActiveCfg = Release|Any CPU
		{256F115E-E7A9-4032-B33C-A3016C093FEC}.Release|Any CPU.Build.0 = Release|Any CPU
		{86E4B7F8-E93C-4CC3-993A-7BCE041DB90C}.Debug|Any CPU.ActiveCfg = Debug|Any CPU
		{86E4B7F8-E93C-4CC3-993A-7BCE041DB90C}.Debug|Any CPU.Build.0 = Debug|Any CPU
		{86E4B7F8-E93C-4CC3-993A-7BCE041DB90C}.Release|Any CPU.ActiveCfg = Release|Any CPU
		{86E4B7F8-E93C-4CC3-993A-7BCE041DB90C}.Release|Any CPU.Build.0 = Release|Any CPU
		{6BC1952A-908E-4611-BAF8-BFEBCA15163F}.Debug|Any CPU.ActiveCfg = Debug|Any CPU
		{6BC1952A-908E-4611-BAF8-BFEBCA15163F}.Debug|Any CPU.Build.0 = Debug|Any CPU
		{6BC1952A-908E-4611-BAF8-BFEBCA15163F}.Release|Any CPU.ActiveCfg = Release|Any CPU
		{6BC1952A-908E-4611-BAF8-BFEBCA15163F}.Release|Any CPU.Build.0 = Release|Any CPU
		{0E61F6F4-874E-491F-AB7A-6D5D1BF3CD5B}.Debug|Any CPU.ActiveCfg = Debug|Any CPU
		{0E61F6F4-874E-491F-AB7A-6D5D1BF3CD5B}.Debug|Any CPU.Build.0 = Debug|Any CPU
		{0E61F6F4-874E-491F-AB7A-6D5D1BF3CD5B}.Release|Any CPU.ActiveCfg = Release|Any CPU
		{0E61F6F4-874E-491F-AB7A-6D5D1BF3CD5B}.Release|Any CPU.Build.0 = Release|Any CPU
		{BFBAF878-BBB2-45E2-92C4-B819F0590458}.Debug|Any CPU.ActiveCfg = Debug|Any CPU
		{BFBAF878-BBB2-45E2-92C4-B819F0590458}.Debug|Any CPU.Build.0 = Debug|Any CPU
		{BFBAF878-BBB2-45E2-92C4-B819F0590458}.Release|Any CPU.ActiveCfg = Release|Any CPU
		{BFBAF878-BBB2-45E2-92C4-B819F0590458}.Release|Any CPU.Build.0 = Release|Any CPU
		{E98F983A-D20A-4610-B437-C9FAC5681525}.Debug|Any CPU.ActiveCfg = Debug|Any CPU
		{E98F983A-D20A-4610-B437-C9FAC5681525}.Debug|Any CPU.Build.0 = Debug|Any CPU
		{E98F983A-D20A-4610-B437-C9FAC5681525}.Release|Any CPU.ActiveCfg = Release|Any CPU
		{E98F983A-D20A-4610-B437-C9FAC5681525}.Release|Any CPU.Build.0 = Release|Any CPU
		{E585EF28-FDB8-4BAD-99F8-BBFE6A529EBD}.Debug|Any CPU.ActiveCfg = Debug|Any CPU
		{E585EF28-FDB8-4BAD-99F8-BBFE6A529EBD}.Debug|Any CPU.Build.0 = Debug|Any CPU
		{E585EF28-FDB8-4BAD-99F8-BBFE6A529EBD}.Release|Any CPU.ActiveCfg = Release|Any CPU
		{E585EF28-FDB8-4BAD-99F8-BBFE6A529EBD}.Release|Any CPU.Build.0 = Release|Any CPU
		{36D83108-B19F-48B6-85F7-4B102FEC3162}.Debug|Any CPU.ActiveCfg = Debug|Any CPU
		{36D83108-B19F-48B6-85F7-4B102FEC3162}.Debug|Any CPU.Build.0 = Debug|Any CPU
		{36D83108-B19F-48B6-85F7-4B102FEC3162}.Release|Any CPU.ActiveCfg = Release|Any CPU
		{36D83108-B19F-48B6-85F7-4B102FEC3162}.Release|Any CPU.Build.0 = Release|Any CPU
		{34A610A2-7787-4022-904D-409496C192E6}.Debug|Any CPU.ActiveCfg = Debug|Any CPU
		{34A610A2-7787-4022-904D-409496C192E6}.Debug|Any CPU.Build.0 = Debug|Any CPU
		{34A610A2-7787-4022-904D-409496C192E6}.Release|Any CPU.ActiveCfg = Release|Any CPU
		{34A610A2-7787-4022-904D-409496C192E6}.Release|Any CPU.Build.0 = Release|Any CPU
		{B97E2797-F60C-4DB8-A492-75BB4919A062}.Debug|Any CPU.ActiveCfg = Debug|Any CPU
		{B97E2797-F60C-4DB8-A492-75BB4919A062}.Debug|Any CPU.Build.0 = Debug|Any CPU
		{B97E2797-F60C-4DB8-A492-75BB4919A062}.Release|Any CPU.ActiveCfg = Release|Any CPU
		{B97E2797-F60C-4DB8-A492-75BB4919A062}.Release|Any CPU.Build.0 = Release|Any CPU
	EndGlobalSection
	GlobalSection(SolutionProperties) = preSolution
		HideSolutionNode = FALSE
	EndGlobalSection
	GlobalSection(ExtensibilityGlobals) = postSolution
		SolutionGuid = {417CFF5B-57E8-47CC-8FB8-E08863CA446E}
	EndGlobalSection
EndGlobal
