
Microsoft Visual Studio Solution File, Format Version 12.00
# Visual Studio Version 17
VisualStudioVersion = 17.0.31903.59
MinimumVisualStudioVersion = 10.0.40219.1
Project("{9A19103F-16F7-4668-BE54-9A1E7A4F7556}") = "CommonSolitaireGames.WPF", "CommonSolitaireGames.WPF\CommonSolitaireGames.WPF.csproj", "{79B151FC-58CA-477D-8086-C78B8F2F3B19}"
EndProject
Project("{9A19103F-16F7-4668-BE54-9A1E7A4F7556}") = "CommonSolitaireGames.Blazor", "CommonSolitaireGames.Blazor\CommonSolitaireGames.Blazor.csproj", "{D863D7B3-AD93-4381-AD84-65DCBF7AC89F}"
EndProject
Project("{FAE04EC0-301F-11D3-BF4B-00C04F79EFBC}") = "CommonSolitaireGames.WebAssembly", "CommonSolitaireGames.WebAssembly\CommonSolitaireGames.WebAssembly.csproj", "{3CADB8EF-B088-4634-9B78-512D1D3090EA}"
EndProject
Project("{9A19103F-16F7-4668-BE54-9A1E7A4F7556}") = "BasicGameFrameworkLibrary", "..\..\..\GamingPackXV3\CP\Standard\BasicGameFrameworkLibrary\BasicGameFrameworkLibrary.csproj", "{AD45F47E-BCA3-41AF-B916-49C42B2D578D}"
EndProject
Project("{9A19103F-16F7-4668-BE54-9A1E7A4F7556}") = "BasicGamingUIBlazorLibrary", "..\..\..\GamingPackXV3\Blazor\Standard\BasicGamingUIBlazorLibrary\BasicGamingUIBlazorLibrary.csproj", "{791A7B3C-4630-4C3D-A9AC-CDAF00D363C0}"
EndProject
Project("{FAE04EC0-301F-11D3-BF4B-00C04F79EFBC}") = "MahJongSolitaireCP", "..\..\CP\Games\MahJongSolitaireCP\MahJongSolitaireCP.csproj", "{3FFCFFD3-9FED-4595-ABF3-AA4674E2AE2C}"
EndProject
Project("{FAE04EC0-301F-11D3-BF4B-00C04F79EFBC}") = "MahJongSolitaireBlazor", "..\..\Blazor\Games\MahJongSolitaireBlazor\MahJongSolitaireBlazor.csproj", "{08BC177C-7550-46C3-8C82-4A480466BEAC}"
EndProject
Project("{FAE04EC0-301F-11D3-BF4B-00C04F79EFBC}") = "ClockSolitaireCP", "..\..\CP\Games\ClockSolitaireCP\ClockSolitaireCP.csproj", "{CE7AAE63-B99C-4708-8843-44A30F24AF38}"
EndProject
Project("{FAE04EC0-301F-11D3-BF4B-00C04F79EFBC}") = "ClockSolitaireBlazor", "..\..\Blazor\Games\ClockSolitaireBlazor\ClockSolitaireBlazor.csproj", "{353DC459-ECB6-408F-8FB0-127DC7C87E63}"
EndProject
Project("{FAE04EC0-301F-11D3-BF4B-00C04F79EFBC}") = "CribbagePatienceCP", "..\..\CP\Games\CribbagePatienceCP\CribbagePatienceCP.csproj", "{FE886FED-EB83-4A5D-948B-AFCA908D6438}"
EndProject
Project("{FAE04EC0-301F-11D3-BF4B-00C04F79EFBC}") = "CribbagePatienceBlazor", "..\..\Blazor\Games\CribbagePatienceBlazor\CribbagePatienceBlazor.csproj", "{8E42C219-7B79-4BE5-8CAD-665F93381E64}"
EndProject
Project("{FAE04EC0-301F-11D3-BF4B-00C04F79EFBC}") = "EagleWingsSolitaireCP", "..\..\CP\Games\EagleWingsSolitaireCP\EagleWingsSolitaireCP.csproj", "{1B1A3E90-9692-4DE3-9DAF-DE739C61145A}"
EndProject
Project("{FAE04EC0-301F-11D3-BF4B-00C04F79EFBC}") = "EagleWingsSolitaireBlazor", "..\..\Blazor\Games\EagleWingsSolitaireBlazor\EagleWingsSolitaireBlazor.csproj", "{F78AB510-4CF7-4E57-A88F-E1746A9A8DF1}"
EndProject
Project("{FAE04EC0-301F-11D3-BF4B-00C04F79EFBC}") = "BeleaguredCastleCP", "..\..\CP\Games\BeleaguredCastleCP\BeleaguredCastleCP.csproj", "{33BBBEE6-5B82-4572-B8FC-64948FB4BB5A}"
EndProject
Project("{FAE04EC0-301F-11D3-BF4B-00C04F79EFBC}") = "BeleaguredCastleBlazor", "..\..\Blazor\Games\BeleaguredCastleBlazor\BeleaguredCastleBlazor.csproj", "{23A3B68C-CC67-411E-83A0-DEFC9C85F1DC}"
EndProject
Project("{FAE04EC0-301F-11D3-BF4B-00C04F79EFBC}") = "HeapSolitaireCP", "..\..\CP\Games\HeapSolitaireCP\HeapSolitaireCP.csproj", "{756ED6F5-6CAC-4F15-9BDA-0B5C7E2667A0}"
EndProject
Project("{FAE04EC0-301F-11D3-BF4B-00C04F79EFBC}") = "HeapSolitaireBlazor", "..\..\Blazor\Games\HeapSolitaireBlazor\HeapSolitaireBlazor.csproj", "{3F91AA12-1DC4-4333-9111-027C743C5B4F}"
EndProject
Project("{FAE04EC0-301F-11D3-BF4B-00C04F79EFBC}") = "TriangleSolitaireCP", "..\..\CP\Games\TriangleSolitaireCP\TriangleSolitaireCP.csproj", "{28E5E863-CEE3-495F-A850-260F4C02A679}"
EndProject
Project("{FAE04EC0-301F-11D3-BF4B-00C04F79EFBC}") = "TriangleSolitaireBlazor", "..\..\Blazor\Games\TriangleSolitaireBlazor\TriangleSolitaireBlazor.csproj", "{FF861077-EC26-4807-B5B5-E75A5606770E}"
EndProject
Project("{FAE04EC0-301F-11D3-BF4B-00C04F79EFBC}") = "VegasSolitaireCP", "..\..\CP\Games\VegasSolitaireCP\VegasSolitaireCP.csproj", "{B1668798-1EC1-4291-B419-3365F2EFCDB7}"
EndProject
Project("{FAE04EC0-301F-11D3-BF4B-00C04F79EFBC}") = "VegasSolitaireBlazor", "..\..\Blazor\Games\VegasSolitaireBlazor\VegasSolitaireBlazor.csproj", "{D733346E-6BEF-4231-9947-1CC3CB48E64E}"
EndProject
Project("{FAE04EC0-301F-11D3-BF4B-00C04F79EFBC}") = "GameLoaderBlazorLibrary", "..\..\Blazor\Standard\GameLoaderBlazorLibrary\GameLoaderBlazorLibrary.csproj", "{AD82C1F6-C6DF-41F2-A3A5-4F9CA108C2A1}"
EndProject
Global
	GlobalSection(SolutionConfigurationPlatforms) = preSolution
		Debug|Any CPU = Debug|Any CPU
		Release|Any CPU = Release|Any CPU
	EndGlobalSection
	GlobalSection(ProjectConfigurationPlatforms) = postSolution
		{79B151FC-58CA-477D-8086-C78B8F2F3B19}.Debug|Any CPU.ActiveCfg = Debug|Any CPU
		{79B151FC-58CA-477D-8086-C78B8F2F3B19}.Debug|Any CPU.Build.0 = Debug|Any CPU
		{79B151FC-58CA-477D-8086-C78B8F2F3B19}.Release|Any CPU.ActiveCfg = Release|Any CPU
		{79B151FC-58CA-477D-8086-C78B8F2F3B19}.Release|Any CPU.Build.0 = Release|Any CPU
		{D863D7B3-AD93-4381-AD84-65DCBF7AC89F}.Debug|Any CPU.ActiveCfg = Debug|Any CPU
		{D863D7B3-AD93-4381-AD84-65DCBF7AC89F}.Debug|Any CPU.Build.0 = Debug|Any CPU
		{D863D7B3-AD93-4381-AD84-65DCBF7AC89F}.Release|Any CPU.ActiveCfg = Release|Any CPU
		{D863D7B3-AD93-4381-AD84-65DCBF7AC89F}.Release|Any CPU.Build.0 = Release|Any CPU
		{3CADB8EF-B088-4634-9B78-512D1D3090EA}.Debug|Any CPU.ActiveCfg = Debug|Any CPU
		{3CADB8EF-B088-4634-9B78-512D1D3090EA}.Debug|Any CPU.Build.0 = Debug|Any CPU
		{3CADB8EF-B088-4634-9B78-512D1D3090EA}.Release|Any CPU.ActiveCfg = Release|Any CPU
		{3CADB8EF-B088-4634-9B78-512D1D3090EA}.Release|Any CPU.Build.0 = Release|Any CPU
		{AD45F47E-BCA3-41AF-B916-49C42B2D578D}.Debug|Any CPU.ActiveCfg = Debug|Any CPU
		{AD45F47E-BCA3-41AF-B916-49C42B2D578D}.Debug|Any CPU.Build.0 = Debug|Any CPU
		{AD45F47E-BCA3-41AF-B916-49C42B2D578D}.Release|Any CPU.ActiveCfg = Release|Any CPU
		{AD45F47E-BCA3-41AF-B916-49C42B2D578D}.Release|Any CPU.Build.0 = Release|Any CPU
		{791A7B3C-4630-4C3D-A9AC-CDAF00D363C0}.Debug|Any CPU.ActiveCfg = Debug|Any CPU
		{791A7B3C-4630-4C3D-A9AC-CDAF00D363C0}.Debug|Any CPU.Build.0 = Debug|Any CPU
		{791A7B3C-4630-4C3D-A9AC-CDAF00D363C0}.Release|Any CPU.ActiveCfg = Release|Any CPU
		{791A7B3C-4630-4C3D-A9AC-CDAF00D363C0}.Release|Any CPU.Build.0 = Release|Any CPU
		{E9428A71-19F9-486D-8284-D204427BDA4B}.Debug|Any CPU.ActiveCfg = Debug|Any CPU
		{E9428A71-19F9-486D-8284-D204427BDA4B}.Debug|Any CPU.Build.0 = Debug|Any CPU
		{E9428A71-19F9-486D-8284-D204427BDA4B}.Release|Any CPU.ActiveCfg = Release|Any CPU
		{E9428A71-19F9-486D-8284-D204427BDA4B}.Release|Any CPU.Build.0 = Release|Any CPU
		{3FFCFFD3-9FED-4595-ABF3-AA4674E2AE2C}.Debug|Any CPU.ActiveCfg = Debug|Any CPU
		{3FFCFFD3-9FED-4595-ABF3-AA4674E2AE2C}.Debug|Any CPU.Build.0 = Debug|Any CPU
		{3FFCFFD3-9FED-4595-ABF3-AA4674E2AE2C}.Release|Any CPU.ActiveCfg = Release|Any CPU
		{3FFCFFD3-9FED-4595-ABF3-AA4674E2AE2C}.Release|Any CPU.Build.0 = Release|Any CPU
		{08BC177C-7550-46C3-8C82-4A480466BEAC}.Debug|Any CPU.ActiveCfg = Debug|Any CPU
		{08BC177C-7550-46C3-8C82-4A480466BEAC}.Debug|Any CPU.Build.0 = Debug|Any CPU
		{08BC177C-7550-46C3-8C82-4A480466BEAC}.Release|Any CPU.ActiveCfg = Release|Any CPU
		{08BC177C-7550-46C3-8C82-4A480466BEAC}.Release|Any CPU.Build.0 = Release|Any CPU
		{CE7AAE63-B99C-4708-8843-44A30F24AF38}.Debug|Any CPU.ActiveCfg = Debug|Any CPU
		{CE7AAE63-B99C-4708-8843-44A30F24AF38}.Debug|Any CPU.Build.0 = Debug|Any CPU
		{CE7AAE63-B99C-4708-8843-44A30F24AF38}.Release|Any CPU.ActiveCfg = Release|Any CPU
		{CE7AAE63-B99C-4708-8843-44A30F24AF38}.Release|Any CPU.Build.0 = Release|Any CPU
		{353DC459-ECB6-408F-8FB0-127DC7C87E63}.Debug|Any CPU.ActiveCfg = Debug|Any CPU
		{353DC459-ECB6-408F-8FB0-127DC7C87E63}.Debug|Any CPU.Build.0 = Debug|Any CPU
		{353DC459-ECB6-408F-8FB0-127DC7C87E63}.Release|Any CPU.ActiveCfg = Release|Any CPU
		{353DC459-ECB6-408F-8FB0-127DC7C87E63}.Release|Any CPU.Build.0 = Release|Any CPU
		{FE886FED-EB83-4A5D-948B-AFCA908D6438}.Debug|Any CPU.ActiveCfg = Debug|Any CPU
		{FE886FED-EB83-4A5D-948B-AFCA908D6438}.Debug|Any CPU.Build.0 = Debug|Any CPU
		{FE886FED-EB83-4A5D-948B-AFCA908D6438}.Release|Any CPU.ActiveCfg = Release|Any CPU
		{FE886FED-EB83-4A5D-948B-AFCA908D6438}.Release|Any CPU.Build.0 = Release|Any CPU
		{8E42C219-7B79-4BE5-8CAD-665F93381E64}.Debug|Any CPU.ActiveCfg = Debug|Any CPU
		{8E42C219-7B79-4BE5-8CAD-665F93381E64}.Debug|Any CPU.Build.0 = Debug|Any CPU
		{8E42C219-7B79-4BE5-8CAD-665F93381E64}.Release|Any CPU.ActiveCfg = Release|Any CPU
		{8E42C219-7B79-4BE5-8CAD-665F93381E64}.Release|Any CPU.Build.0 = Release|Any CPU
		{1B1A3E90-9692-4DE3-9DAF-DE739C61145A}.Debug|Any CPU.ActiveCfg = Debug|Any CPU
		{1B1A3E90-9692-4DE3-9DAF-DE739C61145A}.Debug|Any CPU.Build.0 = Debug|Any CPU
		{1B1A3E90-9692-4DE3-9DAF-DE739C61145A}.Release|Any CPU.ActiveCfg = Release|Any CPU
		{1B1A3E90-9692-4DE3-9DAF-DE739C61145A}.Release|Any CPU.Build.0 = Release|Any CPU
		{F78AB510-4CF7-4E57-A88F-E1746A9A8DF1}.Debug|Any CPU.ActiveCfg = Debug|Any CPU
		{F78AB510-4CF7-4E57-A88F-E1746A9A8DF1}.Debug|Any CPU.Build.0 = Debug|Any CPU
		{F78AB510-4CF7-4E57-A88F-E1746A9A8DF1}.Release|Any CPU.ActiveCfg = Release|Any CPU
		{F78AB510-4CF7-4E57-A88F-E1746A9A8DF1}.Release|Any CPU.Build.0 = Release|Any CPU
		{33BBBEE6-5B82-4572-B8FC-64948FB4BB5A}.Debug|Any CPU.ActiveCfg = Debug|Any CPU
		{33BBBEE6-5B82-4572-B8FC-64948FB4BB5A}.Debug|Any CPU.Build.0 = Debug|Any CPU
		{33BBBEE6-5B82-4572-B8FC-64948FB4BB5A}.Release|Any CPU.ActiveCfg = Release|Any CPU
		{33BBBEE6-5B82-4572-B8FC-64948FB4BB5A}.Release|Any CPU.Build.0 = Release|Any CPU
		{23A3B68C-CC67-411E-83A0-DEFC9C85F1DC}.Debug|Any CPU.ActiveCfg = Debug|Any CPU
		{23A3B68C-CC67-411E-83A0-DEFC9C85F1DC}.Debug|Any CPU.Build.0 = Debug|Any CPU
		{23A3B68C-CC67-411E-83A0-DEFC9C85F1DC}.Release|Any CPU.ActiveCfg = Release|Any CPU
		{23A3B68C-CC67-411E-83A0-DEFC9C85F1DC}.Release|Any CPU.Build.0 = Release|Any CPU
		{756ED6F5-6CAC-4F15-9BDA-0B5C7E2667A0}.Debug|Any CPU.ActiveCfg = Debug|Any CPU
		{756ED6F5-6CAC-4F15-9BDA-0B5C7E2667A0}.Debug|Any CPU.Build.0 = Debug|Any CPU
		{756ED6F5-6CAC-4F15-9BDA-0B5C7E2667A0}.Release|Any CPU.ActiveCfg = Release|Any CPU
		{756ED6F5-6CAC-4F15-9BDA-0B5C7E2667A0}.Release|Any CPU.Build.0 = Release|Any CPU
		{3F91AA12-1DC4-4333-9111-027C743C5B4F}.Debug|Any CPU.ActiveCfg = Debug|Any CPU
		{3F91AA12-1DC4-4333-9111-027C743C5B4F}.Debug|Any CPU.Build.0 = Debug|Any CPU
		{3F91AA12-1DC4-4333-9111-027C743C5B4F}.Release|Any CPU.ActiveCfg = Release|Any CPU
		{3F91AA12-1DC4-4333-9111-027C743C5B4F}.Release|Any CPU.Build.0 = Release|Any CPU
		{28E5E863-CEE3-495F-A850-260F4C02A679}.Debug|Any CPU.ActiveCfg = Debug|Any CPU
		{28E5E863-CEE3-495F-A850-260F4C02A679}.Debug|Any CPU.Build.0 = Debug|Any CPU
		{28E5E863-CEE3-495F-A850-260F4C02A679}.Release|Any CPU.ActiveCfg = Release|Any CPU
		{28E5E863-CEE3-495F-A850-260F4C02A679}.Release|Any CPU.Build.0 = Release|Any CPU
		{FF861077-EC26-4807-B5B5-E75A5606770E}.Debug|Any CPU.ActiveCfg = Debug|Any CPU
		{FF861077-EC26-4807-B5B5-E75A5606770E}.Debug|Any CPU.Build.0 = Debug|Any CPU
		{FF861077-EC26-4807-B5B5-E75A5606770E}.Release|Any CPU.ActiveCfg = Release|Any CPU
		{FF861077-EC26-4807-B5B5-E75A5606770E}.Release|Any CPU.Build.0 = Release|Any CPU
		{B1668798-1EC1-4291-B419-3365F2EFCDB7}.Debug|Any CPU.ActiveCfg = Debug|Any CPU
		{B1668798-1EC1-4291-B419-3365F2EFCDB7}.Debug|Any CPU.Build.0 = Debug|Any CPU
		{B1668798-1EC1-4291-B419-3365F2EFCDB7}.Release|Any CPU.ActiveCfg = Release|Any CPU
		{B1668798-1EC1-4291-B419-3365F2EFCDB7}.Release|Any CPU.Build.0 = Release|Any CPU
		{D733346E-6BEF-4231-9947-1CC3CB48E64E}.Debug|Any CPU.ActiveCfg = Debug|Any CPU
		{D733346E-6BEF-4231-9947-1CC3CB48E64E}.Debug|Any CPU.Build.0 = Debug|Any CPU
		{D733346E-6BEF-4231-9947-1CC3CB48E64E}.Release|Any CPU.ActiveCfg = Release|Any CPU
		{D733346E-6BEF-4231-9947-1CC3CB48E64E}.Release|Any CPU.Build.0 = Release|Any CPU
		{AD82C1F6-C6DF-41F2-A3A5-4F9CA108C2A1}.Debug|Any CPU.ActiveCfg = Debug|Any CPU
		{AD82C1F6-C6DF-41F2-A3A5-4F9CA108C2A1}.Debug|Any CPU.Build.0 = Debug|Any CPU
		{AD82C1F6-C6DF-41F2-A3A5-4F9CA108C2A1}.Release|Any CPU.ActiveCfg = Release|Any CPU
		{AD82C1F6-C6DF-41F2-A3A5-4F9CA108C2A1}.Release|Any CPU.Build.0 = Release|Any CPU
	EndGlobalSection
	GlobalSection(SolutionProperties) = preSolution
		HideSolutionNode = FALSE
	EndGlobalSection
	GlobalSection(ExtensibilityGlobals) = postSolution
		SolutionGuid = {417CFF5B-57E8-47CC-8FB8-E08863CA446E}
	EndGlobalSection
EndGlobal
