
Microsoft Visual Studio Solution File, Format Version 12.00
# Visual Studio Version 17
VisualStudioVersion = 17.0.31903.59
MinimumVisualStudioVersion = 10.0.40219.1
Project("{9A19103F-16F7-4668-BE54-9A1E7A4F7556}") = "NonCardOrSolitaireGames.WPF", "NonCardOrSolitaireGames.WPF\NonCardOrSolitaireGames.WPF.csproj", "{79B151FC-58CA-477D-8086-C78B8F2F3B19}"
EndProject
Project("{9A19103F-16F7-4668-BE54-9A1E7A4F7556}") = "NonCardOrSolitaireGames.Blazor", "NonCardOrSolitaireGames.Blazor\NonCardOrSolitaireGames.Blazor.csproj", "{D863D7B3-AD93-4381-AD84-65DCBF7AC89F}"
EndProject
Project("{FAE04EC0-301F-11D3-BF4B-00C04F79EFBC}") = "NonCardOrSolitaireGames.WebAssembly", "NonCardOrSolitaireGames.WebAssembly\NonCardOrSolitaireGames.WebAssembly.csproj", "{3CADB8EF-B088-4634-9B78-512D1D3090EA}"
EndProject
Project("{9A19103F-16F7-4668-BE54-9A1E7A4F7556}") = "BasicGameFrameworkLibrary", "..\..\..\GamingPackXV3\CP\Standard\BasicGameFrameworkLibrary\BasicGameFrameworkLibrary.csproj", "{AD45F47E-BCA3-41AF-B916-49C42B2D578D}"
EndProject
Project("{9A19103F-16F7-4668-BE54-9A1E7A4F7556}") = "BasicGamingUIBlazorLibrary", "..\..\..\GamingPackXV3\Blazor\Standard\BasicGamingUIBlazorLibrary\BasicGamingUIBlazorLibrary.csproj", "{791A7B3C-4630-4C3D-A9AC-CDAF00D363C0}"
EndProject
Project("{FAE04EC0-301F-11D3-BF4B-00C04F79EFBC}") = "BlackjackCP", "..\..\CP\Games\BlackjackCP\BlackjackCP.csproj", "{0FAD230A-12A0-44E6-9D8F-CF6B970BA6BC}"
EndProject
Project("{FAE04EC0-301F-11D3-BF4B-00C04F79EFBC}") = "BlackjackBlazor", "..\..\Blazor\Games\BlackjackBlazor\BlackjackBlazor.csproj", "{AA3FA966-83FD-498F-B778-0A6E7C225C50}"
EndProject
Project("{FAE04EC0-301F-11D3-BF4B-00C04F79EFBC}") = "BuncoDiceGameCP", "..\..\CP\Games\BuncoDiceGameCP\BuncoDiceGameCP.csproj", "{3CDCDC2D-889E-4755-9D11-65E179EFA2F2}"
EndProject
Project("{FAE04EC0-301F-11D3-BF4B-00C04F79EFBC}") = "BuncoDiceGameBlazor", "..\..\Blazor\Games\BuncoDiceGameBlazor\BuncoDiceGameBlazor.csproj", "{2E1CB7F1-E0D3-4063-9EA8-C2DF8AADEDAC}"
EndProject
Project("{FAE04EC0-301F-11D3-BF4B-00C04F79EFBC}") = "FroggiesCP", "..\..\CP\Games\FroggiesCP\FroggiesCP.csproj", "{23D62809-B218-440D-A92E-026739E0A128}"
EndProject
Project("{FAE04EC0-301F-11D3-BF4B-00C04F79EFBC}") = "FroggiesBlazor", "..\..\Blazor\Games\FroggiesBlazor\FroggiesBlazor.csproj", "{F7CC19C0-656D-4593-B171-CB5E1D0B37F5}"
EndProject
Project("{FAE04EC0-301F-11D3-BF4B-00C04F79EFBC}") = "MastermindCP", "..\..\CP\Games\MastermindCP\MastermindCP.csproj", "{FFDAED40-AC5D-497F-A2D8-F608DDFC4BE7}"
EndProject
Project("{FAE04EC0-301F-11D3-BF4B-00C04F79EFBC}") = "MastermindBlazor", "..\..\Blazor\Games\MastermindBlazor\MastermindBlazor.csproj", "{42F6A6F6-9F81-4ACD-A8A9-80D3961294DF}"
EndProject
Project("{FAE04EC0-301F-11D3-BF4B-00C04F79EFBC}") = "MinesweeperCP", "..\..\CP\Games\MinesweeperCP\MinesweeperCP.csproj", "{ECE9640A-C017-473F-BA81-D7A7919A57B8}"
EndProject
Project("{FAE04EC0-301F-11D3-BF4B-00C04F79EFBC}") = "MinesweeperBlazor", "..\..\Blazor\Games\MinesweeperBlazor\MinesweeperBlazor.csproj", "{97379812-0283-4A33-AF5A-3074307D8FD9}"
EndProject
Project("{FAE04EC0-301F-11D3-BF4B-00C04F79EFBC}") = "PokerCP", "..\..\CP\Games\PokerCP\PokerCP.csproj", "{227B4844-BF48-4989-B594-9B862E04C3DD}"
EndProject
Project("{FAE04EC0-301F-11D3-BF4B-00C04F79EFBC}") = "PokerBlazor", "..\..\Blazor\Games\PokerBlazor\PokerBlazor.csproj", "{D7874945-E60D-4EBF-9FBF-0CC22A102A44}"
EndProject
Project("{FAE04EC0-301F-11D3-BF4B-00C04F79EFBC}") = "SolitaireBoardGameCP", "..\..\CP\Games\SolitaireBoardGameCP\SolitaireBoardGameCP.csproj", "{52B14EDF-90C9-489D-BADA-D406EB4A69DC}"
EndProject
Project("{FAE04EC0-301F-11D3-BF4B-00C04F79EFBC}") = "SolitaireBoardGameBlazor", "..\..\Blazor\Games\SolitaireBoardGameBlazor\SolitaireBoardGameBlazor.csproj", "{3896B31B-A040-4691-BFA8-117225805E38}"
EndProject
Project("{FAE04EC0-301F-11D3-BF4B-00C04F79EFBC}") = "XPuzzleCP", "..\..\CP\Games\XPuzzleCP\XPuzzleCP.csproj", "{C28B24CB-31E3-4D0F-B91B-FE6DC47AC486}"
EndProject
Project("{FAE04EC0-301F-11D3-BF4B-00C04F79EFBC}") = "XPuzzleBlazor", "..\..\Blazor\Games\XPuzzleBlazor\XPuzzleBlazor.csproj", "{B7567F37-5F53-49C6-A153-118BFD3D37CE}"
EndProject
Project("{FAE04EC0-301F-11D3-BF4B-00C04F79EFBC}") = "GameLoaderBlazorLibrary", "..\..\Blazor\Standard\GameLoaderBlazorLibrary\GameLoaderBlazorLibrary.csproj", "{F5BC5C3D-5E6A-479D-8EF2-40DE7B569CC4}"
EndProject
Global
	GlobalSection(SolutionConfigurationPlatforms) = preSolution
		Debug|Any CPU = Debug|Any CPU
		Release|Any CPU = Release|Any CPU
	EndGlobalSection
	GlobalSection(ProjectConfigurationPlatforms) = postSolution
		{79B151FC-58CA-477D-8086-C78B8F2F3B19}.Debug|Any CPU.ActiveCfg = Debug|Any CPU
		{79B151FC-58CA-477D-8086-C78B8F2F3B19}.Debug|Any CPU.Build.0 = Debug|Any CPU
		{79B151FC-58CA-477D-8086-C78B8F2F3B19}.Release|Any CPU.ActiveCfg = Release|Any CPU
		{79B151FC-58CA-477D-8086-C78B8F2F3B19}.Release|Any CPU.Build.0 = Release|Any CPU
		{D863D7B3-AD93-4381-AD84-65DCBF7AC89F}.Debug|Any CPU.ActiveCfg = Debug|Any CPU
		{D863D7B3-AD93-4381-AD84-65DCBF7AC89F}.Debug|Any CPU.Build.0 = Debug|Any CPU
		{D863D7B3-AD93-4381-AD84-65DCBF7AC89F}.Release|Any CPU.ActiveCfg = Release|Any CPU
		{D863D7B3-AD93-4381-AD84-65DCBF7AC89F}.Release|Any CPU.Build.0 = Release|Any CPU
		{3CADB8EF-B088-4634-9B78-512D1D3090EA}.Debug|Any CPU.ActiveCfg = Debug|Any CPU
		{3CADB8EF-B088-4634-9B78-512D1D3090EA}.Debug|Any CPU.Build.0 = Debug|Any CPU
		{3CADB8EF-B088-4634-9B78-512D1D3090EA}.Release|Any CPU.ActiveCfg = Release|Any CPU
		{3CADB8EF-B088-4634-9B78-512D1D3090EA}.Release|Any CPU.Build.0 = Release|Any CPU
		{AD45F47E-BCA3-41AF-B916-49C42B2D578D}.Debug|Any CPU.ActiveCfg = Debug|Any CPU
		{AD45F47E-BCA3-41AF-B916-49C42B2D578D}.Debug|Any CPU.Build.0 = Debug|Any CPU
		{AD45F47E-BCA3-41AF-B916-49C42B2D578D}.Release|Any CPU.ActiveCfg = Release|Any CPU
		{AD45F47E-BCA3-41AF-B916-49C42B2D578D}.Release|Any CPU.Build.0 = Release|Any CPU
		{791A7B3C-4630-4C3D-A9AC-CDAF00D363C0}.Debug|Any CPU.ActiveCfg = Debug|Any CPU
		{791A7B3C-4630-4C3D-A9AC-CDAF00D363C0}.Debug|Any CPU.Build.0 = Debug|Any CPU
		{791A7B3C-4630-4C3D-A9AC-CDAF00D363C0}.Release|Any CPU.ActiveCfg = Release|Any CPU
		{791A7B3C-4630-4C3D-A9AC-CDAF00D363C0}.Release|Any CPU.Build.0 = Release|Any CPU
		{E9428A71-19F9-486D-8284-D204427BDA4B}.Debug|Any CPU.ActiveCfg = Debug|Any CPU
		{E9428A71-19F9-486D-8284-D204427BDA4B}.Debug|Any CPU.Build.0 = Debug|Any CPU
		{E9428A71-19F9-486D-8284-D204427BDA4B}.Release|Any CPU.ActiveCfg = Release|Any CPU
		{E9428A71-19F9-486D-8284-D204427BDA4B}.Release|Any CPU.Build.0 = Release|Any CPU
		{0FAD230A-12A0-44E6-9D8F-CF6B970BA6BC}.Debug|Any CPU.ActiveCfg = Debug|Any CPU
		{0FAD230A-12A0-44E6-9D8F-CF6B970BA6BC}.Debug|Any CPU.Build.0 = Debug|Any CPU
		{0FAD230A-12A0-44E6-9D8F-CF6B970BA6BC}.Release|Any CPU.ActiveCfg = Release|Any CPU
		{0FAD230A-12A0-44E6-9D8F-CF6B970BA6BC}.Release|Any CPU.Build.0 = Release|Any CPU
		{AA3FA966-83FD-498F-B778-0A6E7C225C50}.Debug|Any CPU.ActiveCfg = Debug|Any CPU
		{AA3FA966-83FD-498F-B778-0A6E7C225C50}.Debug|Any CPU.Build.0 = Debug|Any CPU
		{AA3FA966-83FD-498F-B778-0A6E7C225C50}.Release|Any CPU.ActiveCfg = Release|Any CPU
		{AA3FA966-83FD-498F-B778-0A6E7C225C50}.Release|Any CPU.Build.0 = Release|Any CPU
		{3CDCDC2D-889E-4755-9D11-65E179EFA2F2}.Debug|Any CPU.ActiveCfg = Debug|Any CPU
		{3CDCDC2D-889E-4755-9D11-65E179EFA2F2}.Debug|Any CPU.Build.0 = Debug|Any CPU
		{3CDCDC2D-889E-4755-9D11-65E179EFA2F2}.Release|Any CPU.ActiveCfg = Release|Any CPU
		{3CDCDC2D-889E-4755-9D11-65E179EFA2F2}.Release|Any CPU.Build.0 = Release|Any CPU
		{2E1CB7F1-E0D3-4063-9EA8-C2DF8AADEDAC}.Debug|Any CPU.ActiveCfg = Debug|Any CPU
		{2E1CB7F1-E0D3-4063-9EA8-C2DF8AADEDAC}.Debug|Any CPU.Build.0 = Debug|Any CPU
		{2E1CB7F1-E0D3-4063-9EA8-C2DF8AADEDAC}.Release|Any CPU.ActiveCfg = Release|Any CPU
		{2E1CB7F1-E0D3-4063-9EA8-C2DF8AADEDAC}.Release|Any CPU.Build.0 = Release|Any CPU
		{23D62809-B218-440D-A92E-026739E0A128}.Debug|Any CPU.ActiveCfg = Debug|Any CPU
		{23D62809-B218-440D-A92E-026739E0A128}.Debug|Any CPU.Build.0 = Debug|Any CPU
		{23D62809-B218-440D-A92E-026739E0A128}.Release|Any CPU.ActiveCfg = Release|Any CPU
		{23D62809-B218-440D-A92E-026739E0A128}.Release|Any CPU.Build.0 = Release|Any CPU
		{F7CC19C0-656D-4593-B171-CB5E1D0B37F5}.Debug|Any CPU.ActiveCfg = Debug|Any CPU
		{F7CC19C0-656D-4593-B171-CB5E1D0B37F5}.Debug|Any CPU.Build.0 = Debug|Any CPU
		{F7CC19C0-656D-4593-B171-CB5E1D0B37F5}.Release|Any CPU.ActiveCfg = Release|Any CPU
		{F7CC19C0-656D-4593-B171-CB5E1D0B37F5}.Release|Any CPU.Build.0 = Release|Any CPU
		{FFDAED40-AC5D-497F-A2D8-F608DDFC4BE7}.Debug|Any CPU.ActiveCfg = Debug|Any CPU
		{FFDAED40-AC5D-497F-A2D8-F608DDFC4BE7}.Debug|Any CPU.Build.0 = Debug|Any CPU
		{FFDAED40-AC5D-497F-A2D8-F608DDFC4BE7}.Release|Any CPU.ActiveCfg = Release|Any CPU
		{FFDAED40-AC5D-497F-A2D8-F608DDFC4BE7}.Release|Any CPU.Build.0 = Release|Any CPU
		{42F6A6F6-9F81-4ACD-A8A9-80D3961294DF}.Debug|Any CPU.ActiveCfg = Debug|Any CPU
		{42F6A6F6-9F81-4ACD-A8A9-80D3961294DF}.Debug|Any CPU.Build.0 = Debug|Any CPU
		{42F6A6F6-9F81-4ACD-A8A9-80D3961294DF}.Release|Any CPU.ActiveCfg = Release|Any CPU
		{42F6A6F6-9F81-4ACD-A8A9-80D3961294DF}.Release|Any CPU.Build.0 = Release|Any CPU
		{ECE9640A-C017-473F-BA81-D7A7919A57B8}.Debug|Any CPU.ActiveCfg = Debug|Any CPU
		{ECE9640A-C017-473F-BA81-D7A7919A57B8}.Debug|Any CPU.Build.0 = Debug|Any CPU
		{ECE9640A-C017-473F-BA81-D7A7919A57B8}.Release|Any CPU.ActiveCfg = Release|Any CPU
		{ECE9640A-C017-473F-BA81-D7A7919A57B8}.Release|Any CPU.Build.0 = Release|Any CPU
		{97379812-0283-4A33-AF5A-3074307D8FD9}.Debug|Any CPU.ActiveCfg = Debug|Any CPU
		{97379812-0283-4A33-AF5A-3074307D8FD9}.Debug|Any CPU.Build.0 = Debug|Any CPU
		{97379812-0283-4A33-AF5A-3074307D8FD9}.Release|Any CPU.ActiveCfg = Release|Any CPU
		{97379812-0283-4A33-AF5A-3074307D8FD9}.Release|Any CPU.Build.0 = Release|Any CPU
		{227B4844-BF48-4989-B594-9B862E04C3DD}.Debug|Any CPU.ActiveCfg = Debug|Any CPU
		{227B4844-BF48-4989-B594-9B862E04C3DD}.Debug|Any CPU.Build.0 = Debug|Any CPU
		{227B4844-BF48-4989-B594-9B862E04C3DD}.Release|Any CPU.ActiveCfg = Release|Any CPU
		{227B4844-BF48-4989-B594-9B862E04C3DD}.Release|Any CPU.Build.0 = Release|Any CPU
		{D7874945-E60D-4EBF-9FBF-0CC22A102A44}.Debug|Any CPU.ActiveCfg = Debug|Any CPU
		{D7874945-E60D-4EBF-9FBF-0CC22A102A44}.Debug|Any CPU.Build.0 = Debug|Any CPU
		{D7874945-E60D-4EBF-9FBF-0CC22A102A44}.Release|Any CPU.ActiveCfg = Release|Any CPU
		{D7874945-E60D-4EBF-9FBF-0CC22A102A44}.Release|Any CPU.Build.0 = Release|Any CPU
		{52B14EDF-90C9-489D-BADA-D406EB4A69DC}.Debug|Any CPU.ActiveCfg = Debug|Any CPU
		{52B14EDF-90C9-489D-BADA-D406EB4A69DC}.Debug|Any CPU.Build.0 = Debug|Any CPU
		{52B14EDF-90C9-489D-BADA-D406EB4A69DC}.Release|Any CPU.ActiveCfg = Release|Any CPU
		{52B14EDF-90C9-489D-BADA-D406EB4A69DC}.Release|Any CPU.Build.0 = Release|Any CPU
		{3896B31B-A040-4691-BFA8-117225805E38}.Debug|Any CPU.ActiveCfg = Debug|Any CPU
		{3896B31B-A040-4691-BFA8-117225805E38}.Debug|Any CPU.Build.0 = Debug|Any CPU
		{3896B31B-A040-4691-BFA8-117225805E38}.Release|Any CPU.ActiveCfg = Release|Any CPU
		{3896B31B-A040-4691-BFA8-117225805E38}.Release|Any CPU.Build.0 = Release|Any CPU
		{C28B24CB-31E3-4D0F-B91B-FE6DC47AC486}.Debug|Any CPU.ActiveCfg = Debug|Any CPU
		{C28B24CB-31E3-4D0F-B91B-FE6DC47AC486}.Debug|Any CPU.Build.0 = Debug|Any CPU
		{C28B24CB-31E3-4D0F-B91B-FE6DC47AC486}.Release|Any CPU.ActiveCfg = Release|Any CPU
		{C28B24CB-31E3-4D0F-B91B-FE6DC47AC486}.Release|Any CPU.Build.0 = Release|Any CPU
		{B7567F37-5F53-49C6-A153-118BFD3D37CE}.Debug|Any CPU.ActiveCfg = Debug|Any CPU
		{B7567F37-5F53-49C6-A153-118BFD3D37CE}.Debug|Any CPU.Build.0 = Debug|Any CPU
		{B7567F37-5F53-49C6-A153-118BFD3D37CE}.Release|Any CPU.ActiveCfg = Release|Any CPU
		{B7567F37-5F53-49C6-A153-118BFD3D37CE}.Release|Any CPU.Build.0 = Release|Any CPU
		{F5BC5C3D-5E6A-479D-8EF2-40DE7B569CC4}.Debug|Any CPU.ActiveCfg = Debug|Any CPU
		{F5BC5C3D-5E6A-479D-8EF2-40DE7B569CC4}.Debug|Any CPU.Build.0 = Debug|Any CPU
		{F5BC5C3D-5E6A-479D-8EF2-40DE7B569CC4}.Release|Any CPU.ActiveCfg = Release|Any CPU
		{F5BC5C3D-5E6A-479D-8EF2-40DE7B569CC4}.Release|Any CPU.Build.0 = Release|Any CPU
	EndGlobalSection
	GlobalSection(SolutionProperties) = preSolution
		HideSolutionNode = FALSE
	EndGlobalSection
	GlobalSection(ExtensibilityGlobals) = postSolution
		SolutionGuid = {417CFF5B-57E8-47CC-8FB8-E08863CA446E}
	EndGlobalSection
EndGlobal
