
Microsoft Visual Studio Solution File, Format Version 12.00
# Visual Studio Version 17
VisualStudioVersion = 17.0.31903.59
MinimumVisualStudioVersion = 10.0.40219.1
Project("{FAE04EC0-301F-11D3-BF4B-00C04F79EFBC}") = "GamePackageSaveInfoGenerator", "GamePackageSaveInfoGenerator.csproj", "{58F44583-E3CF-4C0C-B7F6-4380218D0BCC}"
EndProject
Global
	GlobalSection(SolutionConfigurationPlatforms) = preSolution
		Debug|Any CPU = Debug|Any CPU
		Release|Any CPU = Release|Any CPU
	EndGlobalSection
	GlobalSection(ProjectConfigurationPlatforms) = postSolution
		{58F44583-E3CF-4C0C-B7F6-4380218D0BCC}.Debug|Any CPU.ActiveCfg = Debug|Any CPU
		{58F44583-E3CF-4C0C-B7F6-4380218D0BCC}.Debug|Any CPU.Build.0 = Debug|Any CPU
		{58F44583-E3CF-4C0C-B7F6-4380218D0BCC}.Release|Any CPU.ActiveCfg = Release|Any CPU
		{58F44583-E3CF-4C0C-B7F6-4380218D0BCC}.Release|Any CPU.Build.0 = Release|Any CPU
	EndGlobalSection
	GlobalSection(SolutionProperties) = preSolution
		HideSolutionNode = FALSE
	EndGlobalSection
	GlobalSection(ExtensibilityGlobals) = postSolution
		SolutionGuid = {40150B7A-B1A9-4306-B8E0-C474A88405F0}
	EndGlobalSection
EndGlobal
